<Solution>
  <Folder Name="/Solution Items/">
    <File Path="README.md" />
  </Folder>
  <Project Path="ExampleHost/ExampleHost.csproj" Id="d6fde4e6-11a3-4b29-be9f-597225ec9f76" />
  <Project Path="NinjaOla.ASLocaltest.Aspire.Hosting.POC/NinjaOla.ASLocaltest.Aspire.Hosting.POC.csproj" />
</Solution>
